// !$*UTF8*$!
{
	archiveVersion = 1;
	classes = {
	};
	objectVersion = 50;
	objects = {

/* Begin PBXBuildFile section */
		4BB36B922510602D00379B80 /* ResultsController.swift in Sources */ = {isa = PBXBuildFile; fileRef = 4BB36B912510602D00379B80 /* ResultsController.swift */; };
		4BC98C07251033EB00ED7954 /* AppDelegate.swift in Sources */ = {isa = PBXBuildFile; fileRef = 4BC98C06251033EB00ED7954 /* AppDelegate.swift */; };
		4BC98C09251033EB00ED7954 /* SceneDelegate.swift in Sources */ = {isa = PBXBuildFile; fileRef = 4BC98C08251033EB00ED7954 /* SceneDelegate.swift */; };
		4BC98C0B251033EB00ED7954 /* ViewController.swift in Sources */ = {isa = PBXBuildFile; fileRef = 4BC98C0A251033EB00ED7954 /* ViewController.swift */; };
		4BC98C0E251033EB00ED7954 /* Main.storyboard in Resources */ = {isa = PBXBuildFile; fileRef = 4BC98C0C251033EB00ED7954 /* Main.storyboard */; };
		4BC98C10251033ED00ED7954 /* Assets.xcassets in Resources */ = {isa = PBXBuildFile; fileRef = 4BC98C0F251033ED00ED7954 /* Assets.xcassets */; };
		4BC98C13251033ED00ED7954 /* LaunchScreen.storyboard in Resources */ = {isa = PBXBuildFile; fileRef = 4BC98C11251033ED00ED7954 /* LaunchScreen.storyboard */; };
		4BC98C1E251033ED00ED7954 /* FakeDrainTests.swift in Sources */ = {isa = PBXBuildFile; fileRef = 4BC98C1D251033ED00ED7954 /* FakeDrainTests.swift */; };
		4BC98C29251033ED00ED7954 /* FakeDrainUITests.swift in Sources */ = {isa = PBXBuildFile; fileRef = 4BC98C28251033ED00ED7954 /* FakeDrainUITests.swift */; };
		4BC98C3A2510347500ED7954 /* DrainBrain.swift in Sources */ = {isa = PBXBuildFile; fileRef = 4BC98C392510347400ED7954 /* DrainBrain.swift */; };
		4BC98C3E2510360400ED7954 /* DrainQues.swift in Sources */ = {isa = PBXBuildFile; fileRef = 4BC98C3D2510360400ED7954 /* DrainQues.swift */; };
/* End PBXBuildFile section */

/* Begin PBXContainerItemProxy section */
		4BC98C1A251033ED00ED7954 /* PBXContainerItemProxy */ = {
			isa = PBXContainerItemProxy;
			containerPortal = 4BC98BFB251033EB00ED7954 /* Project object */;
			proxyType = 1;
			remoteGlobalIDString = 4BC98C02251033EB00ED7954;
			remoteInfo = FakeDrain;
		};
		4BC98C25251033ED00ED7954 /* PBXContainerItemProxy */ = {
			isa = PBXContainerItemProxy;
			containerPortal = 4BC98BFB251033EB00ED7954 /* Project object */;
			proxyType = 1;
			remoteGlobalIDString = 4BC98C02251033EB00ED7954;
			remoteInfo = FakeDrain;
		};
/* End PBXContainerItemProxy section */

/* Begin PBXFileReference section */
		4BB36B912510602D00379B80 /* ResultsController.swift */ = {isa = PBXFileReference; lastKnownFileType = sourcecode.swift; path = ResultsController.swift; sourceTree = "<group>"; };
		4BC98C03251033EB00ED7954 /* FakeDrain.app */ = {isa = PBXFileReference; explicitFileType = wrapper.application; includeInIndex = 0; path = FakeDrain.app; sourceTree = BUILT_PRODUCTS_DIR; };
		4BC98C06251033EB00ED7954 /* AppDelegate.swift */ = {isa = PBXFileReference; lastKnownFileType = sourcecode.swift; path = AppDelegate.swift; sourceTree = "<group>"; };
		4BC98C08251033EB00ED7954 /* SceneDelegate.swift */ = {isa = PBXFileReference; lastKnownFileType = sourcecode.swift; path = SceneDelegate.swift; sourceTree = "<group>"; };
		4BC98C0A251033EB00ED7954 /* ViewController.swift */ = {isa = PBXFileReference; lastKnownFileType = sourcecode.swift; path = ViewController.swift; sourceTree = "<group>"; };
		4BC98C0D251033EB00ED7954 /* Base */ = {isa = PBXFileReference; lastKnownFileType = file.storyboard; name = Base; path = Base.lproj/Main.storyboard; sourceTree = "<group>"; };
		4BC98C0F251033ED00ED7954 /* Assets.xcassets */ = {isa = PBXFileReference; lastKnownFileType = folder.assetcatalog; path = Assets.xcassets; sourceTree = "<group>"; };
		4BC98C12251033ED00ED7954 /* Base */ = {isa = PBXFileReference; lastKnownFileType = file.storyboard; name = Base; path = Base.lproj/LaunchScreen.storyboard; sourceTree = "<group>"; };
		4BC98C14251033ED00ED7954 /* Info.plist */ = {isa = PBXFileReference; lastKnownFileType = text.plist.xml; path = Info.plist; sourceTree = "<group>"; };
		4BC98C19251033ED00ED7954 /* FakeDrainTests.xctest */ = {isa = PBXFileReference; explicitFileType = wrapper.cfbundle; includeInIndex = 0; path = FakeDrainTests.xctest; sourceTree = BUILT_PRODUCTS_DIR; };
		4BC98C1D251033ED00ED7954 /* FakeDrainTests.swift */ = {isa = PBXFileReference; lastKnownFileType = sourcecode.swift; path = FakeDrainTests.swift; sourceTree = "<group>"; };
		4BC98C1F251033ED00ED7954 /* Info.plist */ = {isa = PBXFileReference; lastKnownFileType = text.plist.xml; path = Info.plist; sourceTree = "<group>"; };
		4BC98C24251033ED00ED7954 /* FakeDrainUITests.xctest */ = {isa = PBXFileReference; explicitFileType = wrapper.cfbundle; includeInIndex = 0; path = FakeDrainUITests.xctest; sourceTree = BUILT_PRODUCTS_DIR; };
		4BC98C28251033ED00ED7954 /* FakeDrainUITests.swift */ = {isa = PBXFileReference; lastKnownFileType = sourcecode.swift; path = FakeDrainUITests.swift; sourceTree = "<group>"; };
		4BC98C2A251033ED00ED7954 /* Info.plist */ = {isa = PBXFileReference; lastKnownFileType = text.plist.xml; path = Info.plist; sourceTree = "<group>"; };
		4BC98C392510347400ED7954 /* DrainBrain.swift */ = {isa = PBXFileReference; fileEncoding = 4; lastKnownFileType = sourcecode.swift; path = DrainBrain.swift; sourceTree = "<group>"; };
		4BC98C3D2510360400ED7954 /* DrainQues.swift */ = {isa = PBXFileReference; lastKnownFileType = sourcecode.swift; path = DrainQues.swift; sourceTree = "<group>"; };
/* End PBXFileReference section */

/* Begin PBXFrameworksBuildPhase section */
		4BC98C00251033EB00ED7954 /* Frameworks */ = {
			isa = PBXFrameworksBuildPhase;
			buildActionMask = 2147483647;
			files = (
			);
			runOnlyForDeploymentPostprocessing = 0;
		};
		4BC98C16251033ED00ED7954 /* Frameworks */ = {
			isa = PBXFrameworksBuildPhase;
			buildActionMask = 2147483647;
			files = (
			);
			runOnlyForDeploymentPostprocessing = 0;
		};
		4BC98C21251033ED00ED7954 /* Frameworks */ = {
			isa = PBXFrameworksBuildPhase;
			buildActionMask = 2147483647;
			files = (
			);
			runOnlyForDeploymentPostprocessing = 0;
		};
/* End PBXFrameworksBuildPhase section */

/* Begin PBXGroup section */
		4BC98BFA251033EB00ED7954 = {
			isa = PBXGroup;
			children = (
				4BC98C05251033EB00ED7954 /* FakeDrain */,
				4BC98C1C251033ED00ED7954 /* FakeDrainTests */,
				4BC98C27251033ED00ED7954 /* FakeDrainUITests */,
				4BC98C04251033EB00ED7954 /* Products */,
			);
			sourceTree = "<group>";
		};
		4BC98C04251033EB00ED7954 /* Products */ = {
			isa = PBXGroup;
			children = (
				4BC98C03251033EB00ED7954 /* FakeDrain.app */,
				4BC98C19251033ED00ED7954 /* FakeDrainTests.xctest */,
				4BC98C24251033ED00ED7954 /* FakeDrainUITests.xctest */,
			);
			name = Products;
			sourceTree = "<group>";
		};
		4BC98C05251033EB00ED7954 /* FakeDrain */ = {
			isa = PBXGroup;
			children = (
				4BC98C362510341500ED7954 /* Model */,
				4BC98C382510343400ED7954 /* Controller */,
				4BC98C06251033EB00ED7954 /* AppDelegate.swift */,
				4BC98C372510342200ED7954 /* View */,
				4BC98C08251033EB00ED7954 /* SceneDelegate.swift */,
				4BC98C0F251033ED00ED7954 /* Assets.xcassets */,
				4BC98C11251033ED00ED7954 /* LaunchScreen.storyboard */,
				4BC98C14251033ED00ED7954 /* Info.plist */,
			);
			path = FakeDrain;
			sourceTree = "<group>";
		};
		4BC98C1C251033ED00ED7954 /* FakeDrainTests */ = {
			isa = PBXGroup;
			children = (
				4BC98C1D251033ED00ED7954 /* FakeDrainTests.swift */,
				4BC98C1F251033ED00ED7954 /* Info.plist */,
			);
			path = FakeDrainTests;
			sourceTree = "<group>";
		};
		4BC98C27251033ED00ED7954 /* FakeDrainUITests */ = {
			isa = PBXGroup;
			children = (
				4BC98C28251033ED00ED7954 /* FakeDrainUITests.swift */,
				4BC98C2A251033ED00ED7954 /* Info.plist */,
			);
			path = FakeDrainUITests;
			sourceTree = "<group>";
		};
		4BC98C362510341500ED7954 /* Model */ = {
			isa = PBXGroup;
			children = (
				4BC98C392510347400ED7954 /* DrainBrain.swift */,
				4BC98C3D2510360400ED7954 /* DrainQues.swift */,
			);
			path = Model;
			sourceTree = "<group>";
		};
		4BC98C372510342200ED7954 /* View */ = {
			isa = PBXGroup;
			children = (
				4BC98C0C251033EB00ED7954 /* Main.storyboard */,
			);
			path = View;
			sourceTree = "<group>";
		};
		4BC98C382510343400ED7954 /* Controller */ = {
			isa = PBXGroup;
			children = (
				4BB36B912510602D00379B80 /* ResultsController.swift */,
				4BC98C0A251033EB00ED7954 /* ViewController.swift */,
			);
			path = Controller;
			sourceTree = "<group>";
		};
/* End PBXGroup section */

/* Begin PBXNativeTarget section */
		4BC98C02251033EB00ED7954 /* FakeDrain */ = {
			isa = PBXNativeTarget;
			buildConfigurationList = 4BC98C2D251033ED00ED7954 /* Build configuration list for PBXNativeTarget "FakeDrain" */;
			buildPhases = (
				4BC98BFF251033EB00ED7954 /* Sources */,
				4BC98C00251033EB00ED7954 /* Frameworks */,
				4BC98C01251033EB00ED7954 /* Resources */,
			);
			buildRules = (
			);
			dependencies = (
			);
			name = FakeDrain;
			productName = FakeDrain;
			productReference = 4BC98C03251033EB00ED7954 /* FakeDrain.app */;
			productType = "com.apple.product-type.application";
		};
		4BC98C18251033ED00ED7954 /* FakeDrainTests */ = {
			isa = PBXNativeTarget;
			buildConfigurationList = 4BC98C30251033ED00ED7954 /* Build configuration list for PBXNativeTarget "FakeDrainTests" */;
			buildPhases = (
				4BC98C15251033ED00ED7954 /* Sources */,
				4BC98C16251033ED00ED7954 /* Frameworks */,
				4BC98C17251033ED00ED7954 /* Resources */,
			);
			buildRules = (
			);
			dependencies = (
				4BC98C1B251033ED00ED7954 /* PBXTargetDependency */,
			);
			name = FakeDrainTests;
			productName = FakeDrainTests;
			productReference = 4BC98C19251033ED00ED7954 /* FakeDrainTests.xctest */;
			productType = "com.apple.product-type.bundle.unit-test";
		};
		4BC98C23251033ED00ED7954 /* FakeDrainUITests */ = {
			isa = PBXNativeTarget;
			buildConfigurationList = 4BC98C33251033ED00ED7954 /* Build configuration list for PBXNativeTarget "FakeDrainUITests" */;
			buildPhases = (
				4BC98C20251033ED00ED7954 /* Sources */,
				4BC98C21251033ED00ED7954 /* Frameworks */,
				4BC98C22251033ED00ED7954 /* Resources */,
			);
			buildRules = (
			);
			dependencies = (
				4BC98C26251033ED00ED7954 /* PBXTargetDependency */,
			);
			name = FakeDrainUITests;
			productName = FakeDrainUITests;
			productReference = 4BC98C24251033ED00ED7954 /* FakeDrainUITests.xctest */;
			productType = "com.apple.product-type.bundle.ui-testing";
		};
/* End PBXNativeTarget section */

/* Begin PBXProject section */
		4BC98BFB251033EB00ED7954 /* Project object */ = {
			isa = PBXProject;
			attributes = {
				LastSwiftUpdateCheck = 1170;
				LastUpgradeCheck = 1170;
				ORGANIZATIONNAME = "Jaylen Figueroa";
				TargetAttributes = {
					4BC98C02251033EB00ED7954 = {
						CreatedOnToolsVersion = 11.7;
					};
					4BC98C18251033ED00ED7954 = {
						CreatedOnToolsVersion = 11.7;
						TestTargetID = 4BC98C02251033EB00ED7954;
					};
					4BC98C23251033ED00ED7954 = {
						CreatedOnToolsVersion = 11.7;
						TestTargetID = 4BC98C02251033EB00ED7954;
					};
				};
			};
			buildConfigurationList = 4BC98BFE251033EB00ED7954 /* Build configuration list for PBXProject "FakeDrain" */;
			compatibilityVersion = "Xcode 9.3";
			developmentRegion = en;
			hasScannedForEncodings = 0;
			knownRegions = (
				en,
				Base,
			);
			mainGroup = 4BC98BFA251033EB00ED7954;
			productRefGroup = 4BC98C04251033EB00ED7954 /* Products */;
			projectDirPath = "";
			projectRoot = "";
			targets = (
				4BC98C02251033EB00ED7954 /* FakeDrain */,
				4BC98C18251033ED00ED7954 /* FakeDrainTests */,
				4BC98C23251033ED00ED7954 /* FakeDrainUITests */,
			);
		};
/* End PBXProject section */

/* Begin PBXResourcesBuildPhase section */
		4BC98C01251033EB00ED7954 /* Resources */ = {
			isa = PBXResourcesBuildPhase;
			buildActionMask = 2147483647;
			files = (
				4BC98C13251033ED00ED7954 /* LaunchScreen.storyboard in Resources */,
				4BC98C10251033ED00ED7954 /* Assets.xcassets in Resources */,
				4BC98C0E251033EB00ED7954 /* Main.storyboard in Resources */,
			);
			runOnlyForDeploymentPostprocessing = 0;
		};
		4BC98C17251033ED00ED7954 /* Resources */ = {
			isa = PBXResourcesBuildPhase;
			buildActionMask = 2147483647;
			files = (
			);
			runOnlyForDeploymentPostprocessing = 0;
		};
		4BC98C22251033ED00ED7954 /* Resources */ = {
			isa = PBXResourcesBuildPhase;
			buildActionMask = 2147483647;
			files = (
			);
			runOnlyForDeploymentPostprocessing = 0;
		};
/* End PBXResourcesBuildPhase section */

/* Begin PBXSourcesBuildPhase section */
		4BC98BFF251033EB00ED7954 /* Sources */ = {
			isa = PBXSourcesBuildPhase;
			buildActionMask = 2147483647;
			files = (
				4BC98C3E2510360400ED7954 /* DrainQues.swift in Sources */,
				4BC98C0B251033EB00ED7954 /* ViewController.swift in Sources */,
				4BB36B922510602D00379B80 /* ResultsController.swift in Sources */,
				4BC98C3A2510347500ED7954 /* DrainBrain.swift in Sources */,
				4BC98C07251033EB00ED7954 /* AppDelegate.swift in Sources */,
				4BC98C09251033EB00ED7954 /* SceneDelegate.swift in Sources */,
			);
			runOnlyForDeploymentPostprocessing = 0;
		};
		4BC98C15251033ED00ED7954 /* Sources */ = {
			isa = PBXSourcesBuildPhase;
			buildActionMask = 2147483647;
			files = (
				4BC98C1E251033ED00ED7954 /* FakeDrainTests.swift in Sources */,
			);
			runOnlyForDeploymentPostprocessing = 0;
		};
		4BC98C20251033ED00ED7954 /* Sources */ = {
			isa = PBXSourcesBuildPhase;
			buildActionMask = 2147483647;
			files = (
				4BC98C29251033ED00ED7954 /* FakeDrainUITests.swift in Sources */,
			);
			runOnlyForDeploymentPostprocessing = 0;
		};
/* End PBXSourcesBuildPhase section */

/* Begin PBXTargetDependency section */
		4BC98C1B251033ED00ED7954 /* PBXTargetDependency */ = {
			isa = PBXTargetDependency;
			target = 4BC98C02251033EB00ED7954 /* FakeDrain */;
			targetProxy = 4BC98C1A251033ED00ED7954 /* PBXContainerItemProxy */;
		};
		4BC98C26251033ED00ED7954 /* PBXTargetDependency */ = {
			isa = PBXTargetDependency;
			target = 4BC98C02251033EB00ED7954 /* FakeDrain */;
			targetProxy = 4BC98C25251033ED00ED7954 /* PBXContainerItemProxy */;
		};
/* End PBXTargetDependency section */

/* Begin PBXVariantGroup section */
		4BC98C0C251033EB00ED7954 /* Main.storyboard */ = {
			isa = PBXVariantGroup;
			children = (
				4BC98C0D251033EB00ED7954 /* Base */,
			);
			name = Main.storyboard;
			sourceTree = "<group>";
		};
		4BC98C11251033ED00ED7954 /* LaunchScreen.storyboard */ = {
			isa = PBXVariantGroup;
			children = (
				4BC98C12251033ED00ED7954 /* Base */,
			);
			name = LaunchScreen.storyboard;
			sourceTree = "<group>";
		};
/* End PBXVariantGroup section */

/* Begin XCBuildConfiguration section */
		4BC98C2B251033ED00ED7954 /* Debug */ = {
			isa = XCBuildConfiguration;
			buildSettings = {
				ALWAYS_SEARCH_USER_PATHS = NO;
				CLANG_ANALYZER_NONNULL = YES;
				CLANG_ANALYZER_NUMBER_OBJECT_CONVERSION = YES_AGGRESSIVE;
				CLANG_CXX_LANGUAGE_STANDARD = "gnu++14";
				CLANG_CXX_LIBRARY = "libc++";
				CLANG_ENABLE_MODULES = YES;
				CLANG_ENABLE_OBJC_ARC = YES;
				CLANG_ENABLE_OBJC_WEAK = YES;
				CLANG_WARN_BLOCK_CAPTURE_AUTORELEASING = YES;
				CLANG_WARN_BOOL_CONVERSION = YES;
				CLANG_WARN_COMMA = YES;
				CLANG_WARN_CONSTANT_CONVERSION = YES;
				CLANG_WARN_DEPRECATED_OBJC_IMPLEMENTATIONS = YES;
				CLANG_WARN_DIRECT_OBJC_ISA_USAGE = YES_ERROR;
				CLANG_WARN_DOCUMENTATION_COMMENTS = YES;
				CLANG_WARN_EMPTY_BODY = YES;
				CLANG_WARN_ENUM_CONVERSION = YES;
				CLANG_WARN_INFINITE_RECURSION = YES;
				CLANG_WARN_INT_CONVERSION = YES;
				CLANG_WARN_NON_LITERAL_NULL_CONVERSION = YES;
				CLANG_WARN_OBJC_IMPLICIT_RETAIN_SELF = YES;
				CLANG_WARN_OBJC_LITERAL_CONVERSION = YES;
				CLANG_WARN_OBJC_ROOT_CLASS = YES_ERROR;
				CLANG_WARN_RANGE_LOOP_ANALYSIS = YES;
				CLANG_WARN_STRICT_PROTOTYPES = YES;
				CLANG_WARN_SUSPICIOUS_MOVE = YES;
				CLANG_WARN_UNGUARDED_AVAILABILITY = YES_AGGRESSIVE;
				CLANG_WARN_UNREACHABLE_CODE = YES;
				CLANG_WARN__DUPLICATE_METHOD_MATCH = YES;
				COPY_PHASE_STRIP = NO;
				DEBUG_INFORMATION_FORMAT = dwarf;
				ENABLE_STRICT_OBJC_MSGSEND = YES;
				ENABLE_TESTABILITY = YES;
				GCC_C_LANGUAGE_STANDARD = gnu11;
				GCC_DYNAMIC_NO_PIC = NO;
				GCC_NO_COMMON_BLOCKS = YES;
				GCC_OPTIMIZATION_LEVEL = 0;
				GCC_PREPROCESSOR_DEFINITIONS = (
					"DEBUG=1",
					"$(inherited)",
				);
				GCC_WARN_64_TO_32_BIT_CONVERSION = YES;
				GCC_WARN_ABOUT_RETURN_TYPE = YES_ERROR;
				GCC_WARN_UNDECLARED_SELECTOR = YES;
				GCC_WARN_UNINITIALIZED_AUTOS = YES_AGGRESSIVE;
				GCC_WARN_UNUSED_FUNCTION = YES;
				GCC_WARN_UNUSED_VARIABLE = YES;
				IPHONEOS_DEPLOYMENT_TARGET = 13.7;
				MTL_ENABLE_DEBUG_INFO = INCLUDE_SOURCE;
				MTL_FAST_MATH = YES;
				ONLY_ACTIVE_ARCH = YES;
				SDKROOT = iphoneos;
				SWIFT_ACTIVE_COMPILATION_CONDITIONS = DEBUG;
				SWIFT_OPTIMIZATION_LEVEL = "-Onone";
			};
			name = Debug;
		};
		4BC98C2C251033ED00ED7954 /* Release */ = {
			isa = XCBuildConfiguration;
			buildSettings = {
				ALWAYS_SEARCH_USER_PATHS = NO;
				CLANG_ANALYZER_NONNULL = YES;
				CLANG_ANALYZER_NUMBER_OBJECT_CONVERSION = YES_AGGRESSIVE;
				CLANG_CXX_LANGUAGE_STANDARD = "gnu++14";
				CLANG_CXX_LIBRARY = "libc++";
				CLANG_ENABLE_MODULES = YES;
				CLANG_ENABLE_OBJC_ARC = YES;
				CLANG_ENABLE_OBJC_WEAK = YES;
				CLANG_WARN_BLOCK_CAPTURE_AUTORELEASING = YES;
				CLANG_WARN_BOOL_CONVERSION = YES;
				CLANG_WARN_COMMA = YES;
				CLANG_WARN_CONSTANT_CONVERSION = YES;
				CLANG_WARN_DEPRECATED_OBJC_IMPLEMENTATIONS = YES;
				CLANG_WARN_DIRECT_OBJC_ISA_USAGE = YES_ERROR;
				CLANG_WARN_DOCUMENTATION_COMMENTS = YES;
				CLANG_WARN_EMPTY_BODY = YES;
				CLANG_WARN_ENUM_CONVERSION = YES;
				CLANG_WARN_INFINITE_RECURSION = YES;
				CLANG_WARN_INT_CONVERSION = YES;
				CLANG_WARN_NON_LITERAL_NULL_CONVERSION = YES;
				CLANG_WARN_OBJC_IMPLICIT_RETAIN_SELF = YES;
				CLANG_WARN_OBJC_LITERAL_CONVERSION = YES;
				CLANG_WARN_OBJC_ROOT_CLASS = YES_ERROR;
				CLANG_WARN_RANGE_LOOP_ANALYSIS = YES;
				CLANG_WARN_STRICT_PROTOTYPES = YES;
				CLANG_WARN_SUSPICIOUS_MOVE = YES;
				CLANG_WARN_UNGUARDED_AVAILABILITY = YES_AGGRESSIVE;
				CLANG_WARN_UNREACHABLE_CODE = YES;
				CLANG_WARN__DUPLICATE_METHOD_MATCH = YES;
				COPY_PHASE_STRIP = NO;
				DEBUG_INFORMATION_FORMAT = "dwarf-with-dsym";
				ENABLE_NS_ASSERTIONS = NO;
				ENABLE_STRICT_OBJC_MSGSEND = YES;
				GCC_C_LANGUAGE_STANDARD = gnu11;
				GCC_NO_COMMON_BLOCKS = YES;
				GCC_WARN_64_TO_32_BIT_CONVERSION = YES;
				GCC_WARN_ABOUT_RETURN_TYPE = YES_ERROR;
				GCC_WARN_UNDECLARED_SELECTOR = YES;
				GCC_WARN_UNINITIALIZED_AUTOS = YES_AGGRESSIVE;
				GCC_WARN_UNUSED_FUNCTION = YES;
				GCC_WARN_UNUSED_VARIABLE = YES;
				IPHONEOS_DEPLOYMENT_TARGET = 13.7;
				MTL_ENABLE_DEBUG_INFO = NO;
				MTL_FAST_MATH = YES;
				SDKROOT = iphoneos;
				SWIFT_COMPILATION_MODE = wholemodule;
				SWIFT_OPTIMIZATION_LEVEL = "-O";
				VALIDATE_PRODUCT = YES;
			};
			name = Release;
		};
		4BC98C2E251033ED00ED7954 /* Debug */ = {
			isa = XCBuildConfiguration;
			buildSettings = {
				ASSETCATALOG_COMPILER_APPICON_NAME = AppIcon;
				CODE_SIGN_STYLE = Automatic;
				INFOPLIST_FILE = FakeDrain/Info.plist;
				LD_RUNPATH_SEARCH_PATHS = (
					"$(inherited)",
					"@executable_path/Frameworks",
				);
				PRODUCT_BUNDLE_IDENTIFIER = com.jaylenfigueroa.FakeDrain;
				PRODUCT_NAME = "$(TARGET_NAME)";
				SWIFT_VERSION = 5.0;
				TARGETED_DEVICE_FAMILY = "1,2";
			};
			name = Debug;
		};
		4BC98C2F251033ED00ED7954 /* Release */ = {
			isa = XCBuildConfiguration;
			buildSettings = {
				ASSETCATALOG_COMPILER_APPICON_NAME = AppIcon;
				CODE_SIGN_STYLE = Automatic;
				INFOPLIST_FILE = FakeDrain/Info.plist;
				LD_RUNPATH_SEARCH_PATHS = (
					"$(inherited)",
					"@executable_path/Frameworks",
				);
				PRODUCT_BUNDLE_IDENTIFIER = com.jaylenfigueroa.FakeDrain;
				PRODUCT_NAME = "$(TARGET_NAME)";
				SWIFT_VERSION = 5.0;
				TARGETED_DEVICE_FAMILY = "1,2";
			};
			name = Release;
		};
		4BC98C31251033ED00ED7954 /* Debug */ = {
			isa = XCBuildConfiguration;
			buildSettings = {
				ALWAYS_EMBED_SWIFT_STANDARD_LIBRARIES = YES;
				BUNDLE_LOADER = "$(TEST_HOST)";
				CODE_SIGN_STYLE = Automatic;
				INFOPLIST_FILE = FakeDrainTests/Info.plist;
				IPHONEOS_DEPLOYMENT_TARGET = 13.7;
				LD_RUNPATH_SEARCH_PATHS = (
					"$(inherited)",
					"@executable_path/Frameworks",
					"@loader_path/Frameworks",
				);
				PRODUCT_BUNDLE_IDENTIFIER = com.jaylenfigueroa.FakeDrainTests;
				PRODUCT_NAME = "$(TARGET_NAME)";
				SWIFT_VERSION = 5.0;
				TARGETED_DEVICE_FAMILY = "1,2";
				TEST_HOST = "$(BUILT_PRODUCTS_DIR)/FakeDrain.app/FakeDrain";
			};
			name = Debug;
		};
		4BC98C32251033ED00ED7954 /* Release */ = {
			isa = XCBuildConfiguration;
			buildSettings = {
				ALWAYS_EMBED_SWIFT_STANDARD_LIBRARIES = YES;
				BUNDLE_LOADER = "$(TEST_HOST)";
				CODE_SIGN_STYLE = Automatic;
				INFOPLIST_FILE = FakeDrainTests/Info.plist;
				IPHONEOS_DEPLOYMENT_TARGET = 13.7;
				LD_RUNPATH_SEARCH_PATHS = (
					"$(inherited)",
					"@executable_path/Frameworks",
					"@loader_path/Frameworks",
				);
				PRODUCT_BUNDLE_IDENTIFIER = com.jaylenfigueroa.FakeDrainTests;
				PRODUCT_NAME = "$(TARGET_NAME)";
				SWIFT_VERSION = 5.0;
				TARGETED_DEVICE_FAMILY = "1,2";
				TEST_HOST = "$(BUILT_PRODUCTS_DIR)/FakeDrain.app/FakeDrain";
			};
			name = Release;
		};
		4BC98C34251033ED00ED7954 /* Debug */ = {
			isa = XCBuildConfiguration;
			buildSettings = {
				ALWAYS_EMBED_SWIFT_STANDARD_LIBRARIES = YES;
				CODE_SIGN_STYLE = Automatic;
				INFOPLIST_FILE = FakeDrainUITests/Info.plist;
				LD_RUNPATH_SEARCH_PATHS = (
					"$(inherited)",
					"@executable_path/Frameworks",
					"@loader_path/Frameworks",
				);
				PRODUCT_BUNDLE_IDENTIFIER = com.jaylenfigueroa.FakeDrainUITests;
				PRODUCT_NAME = "$(TARGET_NAME)";
				SWIFT_VERSION = 5.0;
				TARGETED_DEVICE_FAMILY = "1,2";
				TEST_TARGET_NAME = FakeDrain;
			};
			name = Debug;
		};
		4BC98C35251033ED00ED7954 /* Release */ = {
			isa = XCBuildConfiguration;
			buildSettings = {
				ALWAYS_EMBED_SWIFT_STANDARD_LIBRARIES = YES;
				CODE_SIGN_STYLE = Automatic;
				INFOPLIST_FILE = FakeDrainUITests/Info.plist;
				LD_RUNPATH_SEARCH_PATHS = (
					"$(inherited)",
					"@executable_path/Frameworks",
					"@loader_path/Frameworks",
				);
				PRODUCT_BUNDLE_IDENTIFIER = com.jaylenfigueroa.FakeDrainUITests;
				PRODUCT_NAME = "$(TARGET_NAME)";
				SWIFT_VERSION = 5.0;
				TARGETED_DEVICE_FAMILY = "1,2";
				TEST_TARGET_NAME = FakeDrain;
			};
			name = Release;
		};
/* End XCBuildConfiguration section */

/* Begin XCConfigurationList section */
		4BC98BFE251033EB00ED7954 /* Build configuration list for PBXProject "FakeDrain" */ = {
			isa = XCConfigurationList;
			buildConfigurations = (
				4BC98C2B251033ED00ED7954 /* Debug */,
				4BC98C2C251033ED00ED7954 /* Release */,
			);
			defaultConfigurationIsVisible = 0;
			defaultConfigurationName = Release;
		};
		4BC98C2D251033ED00ED7954 /* Build configuration list for PBXNativeTarget "FakeDrain" */ = {
			isa = XCConfigurationList;
			buildConfigurations = (
				4BC98C2E251033ED00ED7954 /* Debug */,
				4BC98C2F251033ED00ED7954 /* Release */,
			);
			defaultConfigurationIsVisible = 0;
			defaultConfigurationName = Release;
		};
		4BC98C30251033ED00ED7954 /* Build configuration list for PBXNativeTarget "FakeDrainTests" */ = {
			isa = XCConfigurationList;
			buildConfigurations = (
				4BC98C31251033ED00ED7954 /* Debug */,
				4BC98C32251033ED00ED7954 /* Release */,
			);
			defaultConfigurationIsVisible = 0;
			defaultConfigurationName = Release;
		};
		4BC98C33251033ED00ED7954 /* Build configuration list for PBXNativeTarget "FakeDrainUITests" */ = {
			isa = XCConfigurationList;
			buildConfigurations = (
				4BC98C34251033ED00ED7954 /* Debug */,
				4BC98C35251033ED00ED7954 /* Release */,
			);
			defaultConfigurationIsVisible = 0;
			defaultConfigurationName = Release;
		};
/* End XCConfigurationList section */
	};
	rootObject = 4BC98BFB251033EB00ED7954 /* Project object */;
}
